
Microsoft Visual Studio Solution File, Format Version 12.00
# Visual Studio Version 16
VisualStudioVersion = 16.0.29324.140
MinimumVisualStudioVersion = 10.0.40219.1
Project("{FAE04EC0-301F-11D3-BF4B-00C04F79EFBC}") = "TgimbaSeleniumTests", "TgimbaSeleniumTests\TgimbaSeleniumTests.csproj", "{4C099B90-FDB7-4B0D-A299-4D041B683421}"
EndProject
Project("{9A19103F-16F7-4668-BE54-9A1E7A4F7556}") = "API-IntegrationTests", "API-IntegrationTests\API-IntegrationTests.csproj", "{6BCD9868-B72D-4B35-896D-C9505EDEE180}"
EndProject
Project("{9A19103F-16F7-4668-BE54-9A1E7A4F7556}") = "Shared", "Shared\Shared.csproj", "{8B09063A-FEEB-4452-B6B5-8D02E5D0B33F}"
EndProject
Global
	GlobalSection(SolutionConfigurationPlatforms) = preSolution
		Debug|Any CPU = Debug|Any CPU
		Debug|x86 = Debug|x86
		Release|Any CPU = Release|Any CPU
		Release|x86 = Release|x86
	EndGlobalSection
	GlobalSection(ProjectConfigurationPlatforms) = postSolution
		{4C099B90-FDB7-4B0D-A299-4D041B683421}.Debug|Any CPU.ActiveCfg = Debug|Any CPU
		{4C099B90-FDB7-4B0D-A299-4D041B683421}.Debug|Any CPU.Build.0 = Debug|Any CPU
		{4C099B90-FDB7-4B0D-A299-4D041B683421}.Debug|x86.ActiveCfg = Debug|x86
		{4C099B90-FDB7-4B0D-A299-4D041B683421}.Debug|x86.Build.0 = Debug|x86
		{4C099B90-FDB7-4B0D-A299-4D041B683421}.Release|Any CPU.ActiveCfg = Release|Any CPU
		{4C099B90-FDB7-4B0D-A299-4D041B683421}.Release|Any CPU.Build.0 = Release|Any CPU
		{4C099B90-FDB7-4B0D-A299-4D041B683421}.Release|x86.ActiveCfg = Release|x86
		{4C099B90-FDB7-4B0D-A299-4D041B683421}.Release|x86.Build.0 = Release|x86
		{6BCD9868-B72D-4B35-896D-C9505EDEE180}.Debug|Any CPU.ActiveCfg = Debug|Any CPU
		{6BCD9868-B72D-4B35-896D-C9505EDEE180}.Debug|Any CPU.Build.0 = Debug|Any CPU
		{6BCD9868-B72D-4B35-896D-C9505EDEE180}.Debug|x86.ActiveCfg = Debug|Any CPU
		{6BCD9868-B72D-4B35-896D-C9505EDEE180}.Debug|x86.Build.0 = Debug|Any CPU
		{6BCD9868-B72D-4B35-896D-C9505EDEE180}.Release|Any CPU.ActiveCfg = Release|Any CPU
		{6BCD9868-B72D-4B35-896D-C9505EDEE180}.Release|Any CPU.Build.0 = Release|Any CPU
		{6BCD9868-B72D-4B35-896D-C9505EDEE180}.Release|x86.ActiveCfg = Release|Any CPU
		{6BCD9868-B72D-4B35-896D-C9505EDEE180}.Release|x86.Build.0 = Release|Any CPU
		{8B09063A-FEEB-4452-B6B5-8D02E5D0B33F}.Debug|Any CPU.ActiveCfg = Debug|Any CPU
		{8B09063A-FEEB-4452-B6B5-8D02E5D0B33F}.Debug|Any CPU.Build.0 = Debug|Any CPU
		{8B09063A-FEEB-4452-B6B5-8D02E5D0B33F}.Debug|x86.ActiveCfg = Debug|Any CPU
		{8B09063A-FEEB-4452-B6B5-8D02E5D0B33F}.Debug|x86.Build.0 = Debug|Any CPU
		{8B09063A-FEEB-4452-B6B5-8D02E5D0B33F}.Release|Any CPU.ActiveCfg = Release|Any CPU
		{8B09063A-FEEB-4452-B6B5-8D02E5D0B33F}.Release|Any CPU.Build.0 = Release|Any CPU
		{8B09063A-FEEB-4452-B6B5-8D02E5D0B33F}.Release|x86.ActiveCfg = Release|Any CPU
		{8B09063A-FEEB-4452-B6B5-8D02E5D0B33F}.Release|x86.Build.0 = Release|Any CPU
	EndGlobalSection
	GlobalSection(SolutionProperties) = preSolution
		HideSolutionNode = FALSE
	EndGlobalSection
	GlobalSection(ExtensibilityGlobals) = postSolution
		SolutionGuid = {40FB3CC7-A6D8-43A1-8E52-6CBDA5B94261}
	EndGlobalSection
EndGlobal
